
Microsoft Visual Studio Solution File, Format Version 12.00
# Visual Studio Version 16
VisualStudioVersion = 16.0.31702.278
MinimumVisualStudioVersion = 10.0.40219.1
Project("{9A19103F-16F7-4668-BE54-9A1E7A4F7556}") = "MajorKeyTruckingMVCProject", "MajorKeyTruckingMVCProject\MajorKeyTruckingMVCProject.csproj", "{89E3BFA6-15EF-486D-9D5B-7083164B4907}"
EndProject
Project("{FAE04EC0-301F-11D3-BF4B-00C04F79EFBC}") = "MajorKeyTrucking.Data", "MajorKeyTrucking.Data\MajorKeyTrucking.Data.csproj", "{0A11F508-CC0C-430D-9759-CAB548FE4A25}"
EndProject
Global
	GlobalSection(SolutionConfigurationPlatforms) = preSolution
		Debug|Any CPU = Debug|Any CPU
		Release|Any CPU = Release|Any CPU
	EndGlobalSection
	GlobalSection(ProjectConfigurationPlatforms) = postSolution
		{89E3BFA6-15EF-486D-9D5B-7083164B4907}.Debug|Any CPU.ActiveCfg = Debug|Any CPU
		{89E3BFA6-15EF-486D-9D5B-7083164B4907}.Debug|Any CPU.Build.0 = Debug|Any CPU
		{89E3BFA6-15EF-486D-9D5B-7083164B4907}.Release|Any CPU.ActiveCfg = Release|Any CPU
		{89E3BFA6-15EF-486D-9D5B-7083164B4907}.Release|Any CPU.Build.0 = Release|Any CPU
		{0A11F508-CC0C-430D-9759-CAB548FE4A25}.Debug|Any CPU.ActiveCfg = Debug|Any CPU
		{0A11F508-CC0C-430D-9759-CAB548FE4A25}.Debug|Any CPU.Build.0 = Debug|Any CPU
		{0A11F508-CC0C-430D-9759-CAB548FE4A25}.Release|Any CPU.ActiveCfg = Release|Any CPU
		{0A11F508-CC0C-430D-9759-CAB548FE4A25}.Release|Any CPU.Build.0 = Release|Any CPU
	EndGlobalSection
	GlobalSection(SolutionProperties) = preSolution
		HideSolutionNode = FALSE
	EndGlobalSection
	GlobalSection(ExtensibilityGlobals) = postSolution
		SolutionGuid = {315C3973-E765-4EF2-99AB-6DF73294D87A}
	EndGlobalSection
EndGlobal
